
Microsoft Visual Studio Solution File, Format Version 12.00
# Visual Studio 2012
Project("{FAE04EC0-301F-11D3-BF4B-00C04F79EFBC}") = "MRS.LibraryBug", "MRS.LibraryBug\MRS.LibraryBug.csproj", "{65A721B3-9C07-4F00-B62E-6A044B11448F}"
EndProject
Project("{FAE04EC0-301F-11D3-BF4B-00C04F79EFBC}") = "MRS.LibraryMessage", "MRS.LibraryMessage\MRS.LibraryMessage.csproj", "{C8939852-2996-4B4E-98B2-69F586998048}"
EndProject
Project("{FAE04EC0-301F-11D3-BF4B-00C04F79EFBC}") = "MRS.MANAGER", "MRS.MANAGER\MRS.MANAGER.csproj", "{FE6A029F-456C-4406-BBBB-E9E44C95E328}"
EndProject
Project("{FAE04EC0-301F-11D3-BF4B-00C04F79EFBC}") = "MRS.Processor.Mrs00738", "MRS.Processor\MRS.Processor.Mrs00738\MRS.Processor.Mrs00738.csproj", "{7C15862D-CB82-4A8F-AB11-B901F2734264}"
EndProject
Project("{FAE04EC0-301F-11D3-BF4B-00C04F79EFBC}") = "MRS.Processor.Mrs00297", "MRS.Processor\MRS.Processor.Mrs00297\MRS.Processor.Mrs00297.csproj", "{2A6F6CB3-BA7B-45C9-B7C1-2E1B3E15E777}"
EndProject
Global
	GlobalSection(SolutionConfigurationPlatforms) = preSolution
		Debug|Any CPU = Debug|Any CPU
		Debug|Mixed Platforms = Debug|Mixed Platforms
		Debug|x86 = Debug|x86
		Release|Any CPU = Release|Any CPU
		Release|Mixed Platforms = Release|Mixed Platforms
		Release|x86 = Release|x86
	EndGlobalSection
	GlobalSection(ProjectConfigurationPlatforms) = postSolution
		{65A721B3-9C07-4F00-B62E-6A044B11448F}.Debug|Any CPU.ActiveCfg = Debug|Any CPU
		{65A721B3-9C07-4F00-B62E-6A044B11448F}.Debug|Any CPU.Build.0 = Debug|Any CPU
		{65A721B3-9C07-4F00-B62E-6A044B11448F}.Debug|Mixed Platforms.ActiveCfg = Debug|Any CPU
		{65A721B3-9C07-4F00-B62E-6A044B11448F}.Debug|Mixed Platforms.Build.0 = Debug|Any CPU
		{65A721B3-9C07-4F00-B62E-6A044B11448F}.Debug|x86.ActiveCfg = Debug|Any CPU
		{65A721B3-9C07-4F00-B62E-6A044B11448F}.Release|Any CPU.ActiveCfg = Release|Any CPU
		{65A721B3-9C07-4F00-B62E-6A044B11448F}.Release|Any CPU.Build.0 = Release|Any CPU
		{65A721B3-9C07-4F00-B62E-6A044B11448F}.Release|Mixed Platforms.ActiveCfg = Release|Any CPU
		{65A721B3-9C07-4F00-B62E-6A044B11448F}.Release|Mixed Platforms.Build.0 = Release|Any CPU
		{65A721B3-9C07-4F00-B62E-6A044B11448F}.Release|x86.ActiveCfg = Release|Any CPU
		{C8939852-2996-4B4E-98B2-69F586998048}.Debug|Any CPU.ActiveCfg = Debug|Any CPU
		{C8939852-2996-4B4E-98B2-69F586998048}.Debug|Any CPU.Build.0 = Debug|Any CPU
		{C8939852-2996-4B4E-98B2-69F586998048}.Debug|Mixed Platforms.ActiveCfg = Debug|Any CPU
		{C8939852-2996-4B4E-98B2-69F586998048}.Debug|Mixed Platforms.Build.0 = Debug|Any CPU
		{C8939852-2996-4B4E-98B2-69F586998048}.Debug|x86.ActiveCfg = Debug|Any CPU
		{C8939852-2996-4B4E-98B2-69F586998048}.Release|Any CPU.ActiveCfg = Release|Any CPU
		{C8939852-2996-4B4E-98B2-69F586998048}.Release|Any CPU.Build.0 = Release|Any CPU
		{C8939852-2996-4B4E-98B2-69F586998048}.Release|Mixed Platforms.ActiveCfg = Release|Any CPU
		{C8939852-2996-4B4E-98B2-69F586998048}.Release|Mixed Platforms.Build.0 = Release|Any CPU
		{C8939852-2996-4B4E-98B2-69F586998048}.Release|x86.ActiveCfg = Release|Any CPU
		{FE6A029F-456C-4406-BBBB-E9E44C95E328}.Debug|Any CPU.ActiveCfg = Debug|Any CPU
		{FE6A029F-456C-4406-BBBB-E9E44C95E328}.Debug|Any CPU.Build.0 = Debug|Any CPU
		{FE6A029F-456C-4406-BBBB-E9E44C95E328}.Debug|Mixed Platforms.ActiveCfg = Debug|Any CPU
		{FE6A029F-456C-4406-BBBB-E9E44C95E328}.Debug|Mixed Platforms.Build.0 = Debug|Any CPU
		{FE6A029F-456C-4406-BBBB-E9E44C95E328}.Debug|x86.ActiveCfg = Debug|Any CPU
		{FE6A029F-456C-4406-BBBB-E9E44C95E328}.Release|Any CPU.ActiveCfg = Release|Any CPU
		{FE6A029F-456C-4406-BBBB-E9E44C95E328}.Release|Any CPU.Build.0 = Release|Any CPU
		{FE6A029F-456C-4406-BBBB-E9E44C95E328}.Release|Mixed Platforms.ActiveCfg = Release|Any CPU
		{FE6A029F-456C-4406-BBBB-E9E44C95E328}.Release|Mixed Platforms.Build.0 = Release|Any CPU
		{FE6A029F-456C-4406-BBBB-E9E44C95E328}.Release|x86.ActiveCfg = Release|Any CPU
		{7C15862D-CB82-4A8F-AB11-B901F2734264}.Debug|Any CPU.ActiveCfg = Debug|Any CPU
		{7C15862D-CB82-4A8F-AB11-B901F2734264}.Debug|Any CPU.Build.0 = Debug|Any CPU
		{7C15862D-CB82-4A8F-AB11-B901F2734264}.Debug|Mixed Platforms.ActiveCfg = Debug|Any CPU
		{7C15862D-CB82-4A8F-AB11-B901F2734264}.Debug|Mixed Platforms.Build.0 = Debug|Any CPU
		{7C15862D-CB82-4A8F-AB11-B901F2734264}.Debug|x86.ActiveCfg = Debug|Any CPU
		{7C15862D-CB82-4A8F-AB11-B901F2734264}.Release|Any CPU.ActiveCfg = Release|Any CPU
		{7C15862D-CB82-4A8F-AB11-B901F2734264}.Release|Any CPU.Build.0 = Release|Any CPU
		{7C15862D-CB82-4A8F-AB11-B901F2734264}.Release|Mixed Platforms.ActiveCfg = Release|Any CPU
		{7C15862D-CB82-4A8F-AB11-B901F2734264}.Release|Mixed Platforms.Build.0 = Release|Any CPU
		{7C15862D-CB82-4A8F-AB11-B901F2734264}.Release|x86.ActiveCfg = Release|Any CPU
		{2A6F6CB3-BA7B-45C9-B7C1-2E1B3E15E777}.Debug|Any CPU.ActiveCfg = Debug|Any CPU
		{2A6F6CB3-BA7B-45C9-B7C1-2E1B3E15E777}.Debug|Any CPU.Build.0 = Debug|Any CPU
		{2A6F6CB3-BA7B-45C9-B7C1-2E1B3E15E777}.Debug|Mixed Platforms.ActiveCfg = Debug|Any CPU
		{2A6F6CB3-BA7B-45C9-B7C1-2E1B3E15E777}.Debug|Mixed Platforms.Build.0 = Debug|Any CPU
		{2A6F6CB3-BA7B-45C9-B7C1-2E1B3E15E777}.Debug|x86.ActiveCfg = Debug|Any CPU
		{2A6F6CB3-BA7B-45C9-B7C1-2E1B3E15E777}.Release|Any CPU.ActiveCfg = Release|Any CPU
		{2A6F6CB3-BA7B-45C9-B7C1-2E1B3E15E777}.Release|Any CPU.Build.0 = Release|Any CPU
		{2A6F6CB3-BA7B-45C9-B7C1-2E1B3E15E777}.Release|Mixed Platforms.ActiveCfg = Release|Any CPU
		{2A6F6CB3-BA7B-45C9-B7C1-2E1B3E15E777}.Release|Mixed Platforms.Build.0 = Release|Any CPU
		{2A6F6CB3-BA7B-45C9-B7C1-2E1B3E15E777}.Release|x86.ActiveCfg = Release|Any CPU
	EndGlobalSection
	GlobalSection(SolutionProperties) = preSolution
		HideSolutionNode = FALSE
	EndGlobalSection
EndGlobal
